# This file is automatically @generated by Cargo.
# It is not intended for manual editing.
version = 4

[[package]]
name = "citymodel-citygml"
version = "0.1.0"
dependencies = [
 "citymodel-core",
]

[[package]]
name = "citymodel-cli"
version = "0.1.0"
dependencies = [
 "citymodel-citygml",
 "citymodel-coordinate",
 "citymodel-geometry",
 "citymodel-gltf",
 "citymodel-spatialite",
 "citymodel-tiling",
 "citymodel-validation",
]

[[package]]
name = "citymodel-coordinate"
version = "0.1.0"
dependencies = [
 "citymodel-core",
]

[[package]]
name = "citymodel-core"
version = "0.1.0"

[[package]]
name = "citymodel-geometry"
version = "0.1.0"
dependencies = [
 "citymodel-core",
]

[[package]]
name = "citymodel-gltf"
version = "0.1.0"
dependencies = [
 "citymodel-core",
]

[[package]]
name = "citymodel-spatialite"
version = "0.1.0"
dependencies = [
 "citymodel-core",
]

[[package]]
name = "citymodel-tiling"
version = "0.1.0"
dependencies = [
 "citymodel-core",
]

[[package]]
name = "citymodel-validation"
version = "0.1.0"
dependencies = [
 "citymodel-core",
]
